// !$*UTF8*$!
{
	archiveVersion = 1;
	classes = {
	};
	objectVersion = 46;
	objects = {

/* Begin PBXBuildFile section */
		93D9CEB71AD3AAE4002423D3 /* AppDelegate.swift in Sources */ = {isa = PBXBuildFile; fileRef = 93D9CEB61AD3AAE4002423D3 /* AppDelegate.swift */; };
		93D9CEB91AD3AAE4002423D3 /* MasterViewController.swift in Sources */ = {isa = PBXBuildFile; fileRef = 93D9CEB81AD3AAE4002423D3 /* MasterViewController.swift */; };
		93D9CEBB1AD3AAE4002423D3 /* DetailViewController.swift in Sources */ = {isa = PBXBuildFile; fileRef = 93D9CEBA1AD3AAE4002423D3 /* DetailViewController.swift */; };
		93D9CEBE1AD3AAE4002423D3 /* Main.storyboard in Resources */ = {isa = PBXBuildFile; fileRef = 93D9CEBC1AD3AAE4002423D3 /* Main.storyboard */; };
		93D9CEC01AD3AAE4002423D3 /* Images.xcassets in Resources */ = {isa = PBXBuildFile; fileRef = 93D9CEBF1AD3AAE4002423D3 /* Images.xcassets */; };
		93D9CEC31AD3AAE4002423D3 /* LaunchScreen.xib in Resources */ = {isa = PBXBuildFile; fileRef = 93D9CEC11AD3AAE4002423D3 /* LaunchScreen.xib */; };
		93D9CEDB1AD3AC03002423D3 /* Person.swift in Sources */ = {isa = PBXBuildFile; fileRef = 93D9CEDA1AD3AC03002423D3 /* Person.swift */; };
		93D9CEDF1AD3B973002423D3 /* ContactListEntry.swift in Sources */ = {isa = PBXBuildFile; fileRef = 93D9CEDE1AD3B973002423D3 /* ContactListEntry.swift */; };
		93E373111AD3CCC600A8CCAE /* ContactList.swift in Sources */ = {isa = PBXBuildFile; fileRef = 93E373101AD3CCC600A8CCAE /* ContactList.swift */; };
/* End PBXBuildFile section */

/* Begin PBXContainerItemProxy section */
		93D9CEC91AD3AAE4002423D3 /* PBXContainerItemProxy */ = {
			isa = PBXContainerItemProxy;
			containerPortal = 93D9CEA91AD3AAE4002423D3 /* Project object */;
			proxyType = 1;
			remoteGlobalIDString = 93D9CEB01AD3AAE4002423D3;
			remoteInfo = ContactList;
		};
/* End PBXContainerItemProxy section */

/* Begin PBXFileReference section */
		93D9CEB11AD3AAE4002423D3 /* ContactList.app */ = {isa = PBXFileReference; explicitFileType = wrapper.application; includeInIndex = 0; path = ContactList.app; sourceTree = BUILT_PRODUCTS_DIR; };
		93D9CEB51AD3AAE4002423D3 /* Info.plist */ = {isa = PBXFileReference; lastKnownFileType = text.plist.xml; path = Info.plist; sourceTree = "<group>"; };
		93D9CEB61AD3AAE4002423D3 /* AppDelegate.swift */ = {isa = PBXFileReference; lastKnownFileType = sourcecode.swift; path = AppDelegate.swift; sourceTree = "<group>"; };
		93D9CEB81AD3AAE4002423D3 /* MasterViewController.swift */ = {isa = PBXFileReference; lastKnownFileType = sourcecode.swift; path = MasterViewController.swift; sourceTree = "<group>"; };
		93D9CEBA1AD3AAE4002423D3 /* DetailViewController.swift */ = {isa = PBXFileReference; lastKnownFileType = sourcecode.swift; path = DetailViewController.swift; sourceTree = "<group>"; };
		93D9CEBD1AD3AAE4002423D3 /* Base */ = {isa = PBXFileReference; lastKnownFileType = file.storyboard; name = Base; path = Base.lproj/Main.storyboard; sourceTree = "<group>"; };
		93D9CEBF1AD3AAE4002423D3 /* Images.xcassets */ = {isa = PBXFileReference; lastKnownFileType = folder.assetcatalog; path = Images.xcassets; sourceTree = "<group>"; };
		93D9CEC21AD3AAE4002423D3 /* Base */ = {isa = PBXFileReference; lastKnownFileType = file.xib; name = Base; path = Base.lproj/LaunchScreen.xib; sourceTree = "<group>"; };
		93D9CEC81AD3AAE4002423D3 /* ContactListTests.xctest */ = {isa = PBXFileReference; explicitFileType = wrapper.cfbundle; includeInIndex = 0; path = ContactListTests.xctest; sourceTree = BUILT_PRODUCTS_DIR; };
		93D9CECD1AD3AAE4002423D3 /* Info.plist */ = {isa = PBXFileReference; lastKnownFileType = text.plist.xml; path = Info.plist; sourceTree = "<group>"; };
		93D9CEDA1AD3AC03002423D3 /* Person.swift */ = {isa = PBXFileReference; fileEncoding = 4; lastKnownFileType = sourcecode.swift; path = Person.swift; sourceTree = "<group>"; };
		93D9CEDE1AD3B973002423D3 /* ContactListEntry.swift */ = {isa = PBXFileReference; fileEncoding = 4; lastKnownFileType = sourcecode.swift; path = ContactListEntry.swift; sourceTree = "<group>"; };
		93E373101AD3CCC600A8CCAE /* ContactList.swift */ = {isa = PBXFileReference; fileEncoding = 4; lastKnownFileType = sourcecode.swift; path = ContactList.swift; sourceTree = "<group>"; };
/* End PBXFileReference section */

/* Begin PBXFrameworksBuildPhase section */
		93D9CEAE1AD3AAE4002423D3 /* Frameworks */ = {
			isa = PBXFrameworksBuildPhase;
			buildActionMask = 2147483647;
			files = (
			);
			runOnlyForDeploymentPostprocessing = 0;
		};
		93D9CEC51AD3AAE4002423D3 /* Frameworks */ = {
			isa = PBXFrameworksBuildPhase;
			buildActionMask = 2147483647;
			files = (
			);
			runOnlyForDeploymentPostprocessing = 0;
		};
/* End PBXFrameworksBuildPhase section */

/* Begin PBXGroup section */
		93D9CEA81AD3AAE4002423D3 = {
			isa = PBXGroup;
			children = (
				93D9CEB31AD3AAE4002423D3 /* ContactList */,
				93D9CECB1AD3AAE4002423D3 /* ContactListTests */,
				93D9CEB21AD3AAE4002423D3 /* Products */,
			);
			sourceTree = "<group>";
		};
		93D9CEB21AD3AAE4002423D3 /* Products */ = {
			isa = PBXGroup;
			children = (
				93D9CEB11AD3AAE4002423D3 /* ContactList.app */,
				93D9CEC81AD3AAE4002423D3 /* ContactListTests.xctest */,
			);
			name = Products;
			sourceTree = "<group>";
		};
		93D9CEB31AD3AAE4002423D3 /* ContactList */ = {
			isa = PBXGroup;
			children = (
				93D9CEDA1AD3AC03002423D3 /* Person.swift */,
				93D9CEDE1AD3B973002423D3 /* ContactListEntry.swift */,
				93E373101AD3CCC600A8CCAE /* ContactList.swift */,
				93D9CEB61AD3AAE4002423D3 /* AppDelegate.swift */,
				93D9CEB81AD3AAE4002423D3 /* MasterViewController.swift */,
				93D9CEBA1AD3AAE4002423D3 /* DetailViewController.swift */,
				93D9CEBC1AD3AAE4002423D3 /* Main.storyboard */,
				93D9CEBF1AD3AAE4002423D3 /* Images.xcassets */,
				93D9CEC11AD3AAE4002423D3 /* LaunchScreen.xib */,
				93D9CEB41AD3AAE4002423D3 /* Supporting Files */,
			);
			path = ContactList;
			sourceTree = "<group>";
		};
		93D9CEB41AD3AAE4002423D3 /* Supporting Files */ = {
			isa = PBXGroup;
			children = (
				93D9CEB51AD3AAE4002423D3 /* Info.plist */,
			);
			name = "Supporting Files";
			sourceTree = "<group>";
		};
		93D9CECB1AD3AAE4002423D3 /* ContactListTests */ = {
			isa = PBXGroup;
			children = (
				93D9CECC1AD3AAE4002423D3 /* Supporting Files */,
			);
			path = ContactListTests;
			sourceTree = "<group>";
		};
		93D9CECC1AD3AAE4002423D3 /* Supporting Files */ = {
			isa = PBXGroup;
			children = (
				93D9CECD1AD3AAE4002423D3 /* Info.plist */,
			);
			name = "Supporting Files";
			sourceTree = "<group>";
		};
/* End PBXGroup section */

/* Begin PBXNativeTarget section */
		93D9CEB01AD3AAE4002423D3 /* ContactList */ = {
			isa = PBXNativeTarget;
			buildConfigurationList = 93D9CED21AD3AAE4002423D3 /* Build configuration list for PBXNativeTarget "ContactList" */;
			buildPhases = (
				93D9CEAD1AD3AAE4002423D3 /* Sources */,
				93D9CEAE1AD3AAE4002423D3 /* Frameworks */,
				93D9CEAF1AD3AAE4002423D3 /* Resources */,
			);
			buildRules = (
			);
			dependencies = (
			);
			name = ContactList;
			productName = ContactList;
			productReference = 93D9CEB11AD3AAE4002423D3 /* ContactList.app */;
			productType = "com.apple.product-type.application";
		};
		93D9CEC71AD3AAE4002423D3 /* ContactListTests */ = {
			isa = PBXNativeTarget;
			buildConfigurationList = 93D9CED51AD3AAE4002423D3 /* Build configuration list for PBXNativeTarget "ContactListTests" */;
			buildPhases = (
				93D9CEC41AD3AAE4002423D3 /* Sources */,
				93D9CEC51AD3AAE4002423D3 /* Frameworks */,
				93D9CEC61AD3AAE4002423D3 /* Resources */,
			);
			buildRules = (
			);
			dependencies = (
				93D9CECA1AD3AAE4002423D3 /* PBXTargetDependency */,
			);
			name = ContactListTests;
			productName = ContactListTests;
			productReference = 93D9CEC81AD3AAE4002423D3 /* ContactListTests.xctest */;
			productType = "com.apple.product-type.bundle.unit-test";
		};
/* End PBXNativeTarget section */

/* Begin PBXProject section */
		93D9CEA91AD3AAE4002423D3 /* Project object */ = {
			isa = PBXProject;
			attributes = {
				LastUpgradeCheck = 0610;
				ORGANIZATIONNAME = "Aaron Tumini";
				TargetAttributes = {
					93D9CEB01AD3AAE4002423D3 = {
						CreatedOnToolsVersion = 6.1.1;
					};
					93D9CEC71AD3AAE4002423D3 = {
						CreatedOnToolsVersion = 6.1.1;
						TestTargetID = 93D9CEB01AD3AAE4002423D3;
					};
				};
			};
			buildConfigurationList = 93D9CEAC1AD3AAE4002423D3 /* Build configuration list for PBXProject "ContactList" */;
			compatibilityVersion = "Xcode 3.2";
			developmentRegion = English;
			hasScannedForEncodings = 0;
			knownRegions = (
				en,
				Base,
			);
			mainGroup = 93D9CEA81AD3AAE4002423D3;
			productRefGroup = 93D9CEB21AD3AAE4002423D3 /* Products */;
			projectDirPath = "";
			projectRoot = "";
			targets = (
				93D9CEB01AD3AAE4002423D3 /* ContactList */,
				93D9CEC71AD3AAE4002423D3 /* ContactListTests */,
			);
		};
/* End PBXProject section */

/* Begin PBXResourcesBuildPhase section */
		93D9CEAF1AD3AAE4002423D3 /* Resources */ = {
			isa = PBXResourcesBuildPhase;
			buildActionMask = 2147483647;
			files = (
				93D9CEBE1AD3AAE4002423D3 /* Main.storyboard in Resources */,
				93D9CEC31AD3AAE4002423D3 /* LaunchScreen.xib in Resources */,
				93D9CEC01AD3AAE4002423D3 /* Images.xcassets in Resources */,
			);
			runOnlyForDeploymentPostprocessing = 0;
		};
		93D9CEC61AD3AAE4002423D3 /* Resources */ = {
			isa = PBXResourcesBuildPhase;
			buildActionMask = 2147483647;
			files = (
			);
			runOnlyForDeploymentPostprocessing = 0;
		};
/* End PBXResourcesBuildPhase section */

/* Begin PBXSourcesBuildPhase section */
		93D9CEAD1AD3AAE4002423D3 /* Sources */ = {
			isa = PBXSourcesBuildPhase;
			buildActionMask = 2147483647;
			files = (
				93D9CEDF1AD3B973002423D3 /* ContactListEntry.swift in Sources */,
				93D9CEBB1AD3AAE4002423D3 /* DetailViewController.swift in Sources */,
				93D9CEB91AD3AAE4002423D3 /* MasterViewController.swift in Sources */,
				93D9CEDB1AD3AC03002423D3 /* Person.swift in Sources */,
				93D9CEB71AD3AAE4002423D3 /* AppDelegate.swift in Sources */,
				93E373111AD3CCC600A8CCAE /* ContactList.swift in Sources */,
			);
			runOnlyForDeploymentPostprocessing = 0;
		};
		93D9CEC41AD3AAE4002423D3 /* Sources */ = {
			isa = PBXSourcesBuildPhase;
			buildActionMask = 2147483647;
			files = (
			);
			runOnlyForDeploymentPostprocessing = 0;
		};
/* End PBXSourcesBuildPhase section */

/* Begin PBXTargetDependency section */
		93D9CECA1AD3AAE4002423D3 /* PBXTargetDependency */ = {
			isa = PBXTargetDependency;
			target = 93D9CEB01AD3AAE4002423D3 /* ContactList */;
			targetProxy = 93D9CEC91AD3AAE4002423D3 /* PBXContainerItemProxy */;
		};
/* End PBXTargetDependency section */

/* Begin PBXVariantGroup section */
		93D9CEBC1AD3AAE4002423D3 /* Main.storyboard */ = {
			isa = PBXVariantGroup;
			children = (
				93D9CEBD1AD3AAE4002423D3 /* Base */,
			);
			name = Main.storyboard;
			sourceTree = "<group>";
		};
		93D9CEC11AD3AAE4002423D3 /* LaunchScreen.xib */ = {
			isa = PBXVariantGroup;
			children = (
				93D9CEC21AD3AAE4002423D3 /* Base */,
			);
			name = LaunchScreen.xib;
			sourceTree = "<group>";
		};
/* End PBXVariantGroup section */

/* Begin XCBuildConfiguration section */
		93D9CED01AD3AAE4002423D3 /* Debug */ = {
			isa = XCBuildConfiguration;
			buildSettings = {
				ALWAYS_SEARCH_USER_PATHS = NO;
				CLANG_CXX_LANGUAGE_STANDARD = "gnu++0x";
				CLANG_CXX_LIBRARY = "libc++";
				CLANG_ENABLE_MODULES = YES;
				CLANG_ENABLE_OBJC_ARC = YES;
				CLANG_WARN_BOOL_CONVERSION = YES;
				CLANG_WARN_CONSTANT_CONVERSION = YES;
				CLANG_WARN_DIRECT_OBJC_ISA_USAGE = YES_ERROR;
				CLANG_WARN_EMPTY_BODY = YES;
				CLANG_WARN_ENUM_CONVERSION = YES;
				CLANG_WARN_INT_CONVERSION = YES;
				CLANG_WARN_OBJC_ROOT_CLASS = YES_ERROR;
				CLANG_WARN_UNREACHABLE_CODE = YES;
				CLANG_WARN__DUPLICATE_METHOD_MATCH = YES;
				"CODE_SIGN_IDENTITY[sdk=iphoneos*]" = "iPhone Developer";
				COPY_PHASE_STRIP = NO;
				ENABLE_STRICT_OBJC_MSGSEND = YES;
				GCC_C_LANGUAGE_STANDARD = gnu99;
				GCC_DYNAMIC_NO_PIC = NO;
				GCC_OPTIMIZATION_LEVEL = 0;
				GCC_PREPROCESSOR_DEFINITIONS = (
					"DEBUG=1",
					"$(inherited)",
				);
				GCC_SYMBOLS_PRIVATE_EXTERN = NO;
				GCC_WARN_64_TO_32_BIT_CONVERSION = YES;
				GCC_WARN_ABOUT_RETURN_TYPE = YES_ERROR;
				GCC_WARN_UNDECLARED_SELECTOR = YES;
				GCC_WARN_UNINITIALIZED_AUTOS = YES_AGGRESSIVE;
				GCC_WARN_UNUSED_FUNCTION = YES;
				GCC_WARN_UNUSED_VARIABLE = YES;
				IPHONEOS_DEPLOYMENT_TARGET = 8.1;
				MTL_ENABLE_DEBUG_INFO = YES;
				ONLY_ACTIVE_ARCH = YES;
				SDKROOT = iphoneos;
				SWIFT_OPTIMIZATION_LEVEL = "-Onone";
				TARGETED_DEVICE_FAMILY = "1,2";
			};
			name = Debug;
		};
		93D9CED11AD3AAE4002423D3 /* Release */ = {
			isa = XCBuildConfiguration;
			buildSettings = {
				ALWAYS_SEARCH_USER_PATHS = NO;
				CLANG_CXX_LANGUAGE_STANDARD = "gnu++0x";
				CLANG_CXX_LIBRARY = "libc++";
				CLANG_ENABLE_MODULES = YES;
				CLANG_ENABLE_OBJC_ARC = YES;
				CLANG_WARN_BOOL_CONVERSION = YES;
				CLANG_WARN_CONSTANT_CONVERSION = YES;
				CLANG_WARN_DIRECT_OBJC_ISA_USAGE = YES_ERROR;
				CLANG_WARN_EMPTY_BODY = YES;
				CLANG_WARN_ENUM_CONVERSION = YES;
				CLANG_WARN_INT_CONVERSION = YES;
				CLANG_WARN_OBJC_ROOT_CLASS = YES_ERROR;
				CLANG_WARN_UNREACHABLE_CODE = YES;
				CLANG_WARN__DUPLICATE_METHOD_MATCH = YES;
				"CODE_SIGN_IDENTITY[sdk=iphoneos*]" = "iPhone Developer";
				COPY_PHASE_STRIP = YES;
				ENABLE_NS_ASSERTIONS = NO;
				ENABLE_STRICT_OBJC_MSGSEND = YES;
				GCC_C_LANGUAGE_STANDARD = gnu99;
				GCC_WARN_64_TO_32_BIT_CONVERSION = YES;
				GCC_WARN_ABOUT_RETURN_TYPE = YES_ERROR;
				GCC_WARN_UNDECLARED_SELECTOR = YES;
				GCC_WARN_UNINITIALIZED_AUTOS = YES_AGGRESSIVE;
				GCC_WARN_UNUSED_FUNCTION = YES;
				GCC_WARN_UNUSED_VARIABLE = YES;
				IPHONEOS_DEPLOYMENT_TARGET = 8.1;
				MTL_ENABLE_DEBUG_INFO = NO;
				SDKROOT = iphoneos;
				TARGETED_DEVICE_FAMILY = "1,2";
				VALIDATE_PRODUCT = YES;
			};
			name = Release;
		};
		93D9CED31AD3AAE4002423D3 /* Debug */ = {
			isa = XCBuildConfiguration;
			buildSettings = {
				ASSETCATALOG_COMPILER_APPICON_NAME = AppIcon;
				INFOPLIST_FILE = ContactList/Info.plist;
				LD_RUNPATH_SEARCH_PATHS = "$(inherited) @executable_path/Frameworks";
				PRODUCT_NAME = "$(TARGET_NAME)";
			};
			name = Debug;
		};
		93D9CED41AD3AAE4002423D3 /* Release */ = {
			isa = XCBuildConfiguration;
			buildSettings = {
				ASSETCATALOG_COMPILER_APPICON_NAME = AppIcon;
				INFOPLIST_FILE = ContactList/Info.plist;
				LD_RUNPATH_SEARCH_PATHS = "$(inherited) @executable_path/Frameworks";
				PRODUCT_NAME = "$(TARGET_NAME)";
			};
			name = Release;
		};
		93D9CED61AD3AAE4002423D3 /* Debug */ = {
			isa = XCBuildConfiguration;
			buildSettings = {
				BUNDLE_LOADER = "$(TEST_HOST)";
				CLANG_ENABLE_MODULES = YES;
				FRAMEWORK_SEARCH_PATHS = (
					"$(SDKROOT)/Developer/Library/Frameworks",
					"$(inherited)",
				);
				GCC_PREPROCESSOR_DEFINITIONS = (
					"DEBUG=1",
					"$(inherited)",
				);
				INFOPLIST_FILE = ContactListTests/Info.plist;
				LD_RUNPATH_SEARCH_PATHS = "$(inherited) @executable_path/Frameworks @loader_path/Frameworks";
				PRODUCT_NAME = "$(TARGET_NAME)";
				SWIFT_OBJC_BRIDGING_HEADER = "ContactListTests/ContactListTests-Bridging-Header.h";
				SWIFT_OPTIMIZATION_LEVEL = "-Onone";
				TEST_HOST = "$(BUILT_PRODUCTS_DIR)/ContactList.app/ContactList";
			};
			name = Debug;
		};
		93D9CED71AD3AAE4002423D3 /* Release */ = {
			isa = XCBuildConfiguration;
			buildSettings = {
				BUNDLE_LOADER = "$(TEST_HOST)";
				CLANG_ENABLE_MODULES = YES;
				FRAMEWORK_SEARCH_PATHS = (
					"$(SDKROOT)/Developer/Library/Frameworks",
					"$(inherited)",
				);
				INFOPLIST_FILE = ContactListTests/Info.plist;
				LD_RUNPATH_SEARCH_PATHS = "$(inherited) @executable_path/Frameworks @loader_path/Frameworks";
				PRODUCT_NAME = "$(TARGET_NAME)";
				SWIFT_OBJC_BRIDGING_HEADER = "ContactListTests/ContactListTests-Bridging-Header.h";
				TEST_HOST = "$(BUILT_PRODUCTS_DIR)/ContactList.app/ContactList";
			};
			name = Release;
		};
/* End XCBuildConfiguration section */

/* Begin XCConfigurationList section */
		93D9CEAC1AD3AAE4002423D3 /* Build configuration list for PBXProject "ContactList" */ = {
			isa = XCConfigurationList;
			buildConfigurations = (
				93D9CED01AD3AAE4002423D3 /* Debug */,
				93D9CED11AD3AAE4002423D3 /* Release */,
			);
			defaultConfigurationIsVisible = 0;
			defaultConfigurationName = Release;
		};
		93D9CED21AD3AAE4002423D3 /* Build configuration list for PBXNativeTarget "ContactList" */ = {
			isa = XCConfigurationList;
			buildConfigurations = (
				93D9CED31AD3AAE4002423D3 /* Debug */,
				93D9CED41AD3AAE4002423D3 /* Release */,
			);
			defaultConfigurationIsVisible = 0;
			defaultConfigurationName = Release;
		};
		93D9CED51AD3AAE4002423D3 /* Build configuration list for PBXNativeTarget "ContactListTests" */ = {
			isa = XCConfigurationList;
			buildConfigurations = (
				93D9CED61AD3AAE4002423D3 /* Debug */,
				93D9CED71AD3AAE4002423D3 /* Release */,
			);
			defaultConfigurationIsVisible = 0;
			defaultConfigurationName = Release;
		};
/* End XCConfigurationList section */
	};
	rootObject = 93D9CEA91AD3AAE4002423D3 /* Project object */;
}
